
Microsoft Visual Studio Solution File, Format Version 12.00
# Visual Studio 2013
VisualStudioVersion = 12.0.31101.0
MinimumVisualStudioVersion = 10.0.40219.1
Project("{FAE04EC0-301F-11D3-BF4B-00C04F79EFBC}") = "DigitalWatch", "DigitalWatch\DigitalWatch.csproj", "{BEBFBB26-F1BD-44B6-AC92-715C3F0A7D7B}"
EndProject
Project("{F088123C-0E9E-452A-89E6-6BA2F21D5CAC}") = "DigitalWatchModelingProject", "DigitalWatchModelingProject\DigitalWatchModelingProject.modelproj", "{9E0DDC80-E56C-45F3-9041-02845ACD3F11}"
EndProject
Project("{FAE04EC0-301F-11D3-BF4B-00C04F79EFBC}") = "DigitalWatch.Tests", "DigitalWatch.Tests\DigitalWatch.Tests.csproj", "{3D37FA71-6A66-489E-8623-FE9538BA05D2}"
EndProject
Global
	GlobalSection(SolutionConfigurationPlatforms) = preSolution
		Debug|Any CPU = Debug|Any CPU
		Release|Any CPU = Release|Any CPU
	EndGlobalSection
	GlobalSection(ProjectConfigurationPlatforms) = postSolution
		{BEBFBB26-F1BD-44B6-AC92-715C3F0A7D7B}.Debug|Any CPU.ActiveCfg = Debug|Any CPU
		{BEBFBB26-F1BD-44B6-AC92-715C3F0A7D7B}.Debug|Any CPU.Build.0 = Debug|Any CPU
		{BEBFBB26-F1BD-44B6-AC92-715C3F0A7D7B}.Release|Any CPU.ActiveCfg = Release|Any CPU
		{BEBFBB26-F1BD-44B6-AC92-715C3F0A7D7B}.Release|Any CPU.Build.0 = Release|Any CPU
		{9E0DDC80-E56C-45F3-9041-02845ACD3F11}.Debug|Any CPU.ActiveCfg = Debug|Any CPU
		{9E0DDC80-E56C-45F3-9041-02845ACD3F11}.Debug|Any CPU.Build.0 = Debug|Any CPU
		{9E0DDC80-E56C-45F3-9041-02845ACD3F11}.Release|Any CPU.ActiveCfg = Release|Any CPU
		{9E0DDC80-E56C-45F3-9041-02845ACD3F11}.Release|Any CPU.Build.0 = Release|Any CPU
		{3D37FA71-6A66-489E-8623-FE9538BA05D2}.Debug|Any CPU.ActiveCfg = Debug|Any CPU
		{3D37FA71-6A66-489E-8623-FE9538BA05D2}.Debug|Any CPU.Build.0 = Debug|Any CPU
		{3D37FA71-6A66-489E-8623-FE9538BA05D2}.Release|Any CPU.ActiveCfg = Release|Any CPU
		{3D37FA71-6A66-489E-8623-FE9538BA05D2}.Release|Any CPU.Build.0 = Release|Any CPU
	EndGlobalSection
	GlobalSection(SolutionProperties) = preSolution
		HideSolutionNode = FALSE
	EndGlobalSection
EndGlobal
